// !$*UTF8*$!
{
	archiveVersion = 1;
	classes = {
	};
	objectVersion = 50;
	objects = {

/* Begin PBXBuildFile section */
		18C2850720F07D71008DF2FD /* AppDelegate.swift in Sources */ = {isa = PBXBuildFile; fileRef = 18C2850620F07D71008DF2FD /* AppDelegate.swift */; };
		18C2850920F07D71008DF2FD /* ViewController.swift in Sources */ = {isa = PBXBuildFile; fileRef = 18C2850820F07D71008DF2FD /* ViewController.swift */; };
		18C2850C20F07D71008DF2FD /* Main.storyboard in Resources */ = {isa = PBXBuildFile; fileRef = 18C2850A20F07D71008DF2FD /* Main.storyboard */; };
		18C2850F20F07D71008DF2FD /* VoxRemainder.xcdatamodeld in Sources */ = {isa = PBXBuildFile; fileRef = 18C2850D20F07D71008DF2FD /* VoxRemainder.xcdatamodeld */; };
		18C2851120F07D74008DF2FD /* Assets.xcassets in Resources */ = {isa = PBXBuildFile; fileRef = 18C2851020F07D74008DF2FD /* Assets.xcassets */; };
		18C2851420F07D74008DF2FD /* LaunchScreen.storyboard in Resources */ = {isa = PBXBuildFile; fileRef = 18C2851220F07D74008DF2FD /* LaunchScreen.storyboard */; };
/* End PBXBuildFile section */

/* Begin PBXFileReference section */
		18C2850320F07D71008DF2FD /* VoxRemainder.app */ = {isa = PBXFileReference; explicitFileType = wrapper.application; includeInIndex = 0; path = VoxRemainder.app; sourceTree = BUILT_PRODUCTS_DIR; };
		18C2850620F07D71008DF2FD /* AppDelegate.swift */ = {isa = PBXFileReference; lastKnownFileType = sourcecode.swift; path = AppDelegate.swift; sourceTree = "<group>"; };
		18C2850820F07D71008DF2FD /* ViewController.swift */ = {isa = PBXFileReference; lastKnownFileType = sourcecode.swift; path = ViewController.swift; sourceTree = "<group>"; };
		18C2850B20F07D71008DF2FD /* Base */ = {isa = PBXFileReference; lastKnownFileType = file.storyboard; name = Base; path = Base.lproj/Main.storyboard; sourceTree = "<group>"; };
		18C2850E20F07D71008DF2FD /* VoxRemainder.xcdatamodel */ = {isa = PBXFileReference; lastKnownFileType = wrapper.xcdatamodel; path = VoxRemainder.xcdatamodel; sourceTree = "<group>"; };
		18C2851020F07D74008DF2FD /* Assets.xcassets */ = {isa = PBXFileReference; lastKnownFileType = folder.assetcatalog; path = Assets.xcassets; sourceTree = "<group>"; };
		18C2851320F07D74008DF2FD /* Base */ = {isa = PBXFileReference; lastKnownFileType = file.storyboard; name = Base; path = Base.lproj/LaunchScreen.storyboard; sourceTree = "<group>"; };
		18C2851520F07D74008DF2FD /* Info.plist */ = {isa = PBXFileReference; lastKnownFileType = text.plist.xml; path = Info.plist; sourceTree = "<group>"; };
/* End PBXFileReference section */

/* Begin PBXFrameworksBuildPhase section */
		18C2850020F07D71008DF2FD /* Frameworks */ = {
			isa = PBXFrameworksBuildPhase;
			buildActionMask = 2147483647;
			files = (
			);
			runOnlyForDeploymentPostprocessing = 0;
		};
/* End PBXFrameworksBuildPhase section */

/* Begin PBXGroup section */
		18C284FA20F07D71008DF2FD = {
			isa = PBXGroup;
			children = (
				18C2850520F07D71008DF2FD /* VoxRemainder */,
				18C2850420F07D71008DF2FD /* Products */,
			);
			sourceTree = "<group>";
		};
		18C2850420F07D71008DF2FD /* Products */ = {
			isa = PBXGroup;
			children = (
				18C2850320F07D71008DF2FD /* VoxRemainder.app */,
			);
			name = Products;
			sourceTree = "<group>";
		};
		18C2850520F07D71008DF2FD /* VoxRemainder */ = {
			isa = PBXGroup;
			children = (
				18C2850620F07D71008DF2FD /* AppDelegate.swift */,
				18C2850820F07D71008DF2FD /* ViewController.swift */,
				18C2850A20F07D71008DF2FD /* Main.storyboard */,
				18C2851020F07D74008DF2FD /* Assets.xcassets */,
				18C2851220F07D74008DF2FD /* LaunchScreen.storyboard */,
				18C2851520F07D74008DF2FD /* Info.plist */,
				18C2850D20F07D71008DF2FD /* VoxRemainder.xcdatamodeld */,
			);
			path = VoxRemainder;
			sourceTree = "<group>";
		};
/* End PBXGroup section */

/* Begin PBXNativeTarget section */
		18C2850220F07D71008DF2FD /* VoxRemainder */ = {
			isa = PBXNativeTarget;
			buildConfigurationList = 18C2851820F07D74008DF2FD /* Build configuration list for PBXNativeTarget "VoxRemainder" */;
			buildPhases = (
				18C284FF20F07D71008DF2FD /* Sources */,
				18C2850020F07D71008DF2FD /* Frameworks */,
				18C2850120F07D71008DF2FD /* Resources */,
			);
			buildRules = (
			);
			dependencies = (
			);
			name = VoxRemainder;
			productName = VoxRemainder;
			productReference = 18C2850320F07D71008DF2FD /* VoxRemainder.app */;
			productType = "com.apple.product-type.application";
		};
/* End PBXNativeTarget section */

/* Begin PBXProject section */
		18C284FB20F07D71008DF2FD /* Project object */ = {
			isa = PBXProject;
			attributes = {
				LastSwiftUpdateCheck = 0940;
				LastUpgradeCheck = 0940;
				ORGANIZATIONNAME = senovTech;
				TargetAttributes = {
					18C2850220F07D71008DF2FD = {
						CreatedOnToolsVersion = 9.4.1;
					};
				};
			};
			buildConfigurationList = 18C284FE20F07D71008DF2FD /* Build configuration list for PBXProject "VoxRemainder" */;
			compatibilityVersion = "Xcode 9.3";
			developmentRegion = en;
			hasScannedForEncodings = 0;
			knownRegions = (
				en,
				Base,
			);
			mainGroup = 18C284FA20F07D71008DF2FD;
			productRefGroup = 18C2850420F07D71008DF2FD /* Products */;
			projectDirPath = "";
			projectRoot = "";
			targets = (
				18C2850220F07D71008DF2FD /* VoxRemainder */,
			);
		};
/* End PBXProject section */

/* Begin PBXResourcesBuildPhase section */
		18C2850120F07D71008DF2FD /* Resources */ = {
			isa = PBXResourcesBuildPhase;
			buildActionMask = 2147483647;
			files = (
				18C2851420F07D74008DF2FD /* LaunchScreen.storyboard in Resources */,
				18C2851120F07D74008DF2FD /* Assets.xcassets in Resources */,
				18C2850C20F07D71008DF2FD /* Main.storyboard in Resources */,
			);
			runOnlyForDeploymentPostprocessing = 0;
		};
/* End PBXResourcesBuildPhase section */

/* Begin PBXSourcesBuildPhase section */
		18C284FF20F07D71008DF2FD /* Sources */ = {
			isa = PBXSourcesBuildPhase;
			buildActionMask = 2147483647;
			files = (
				18C2850F20F07D71008DF2FD /* VoxRemainder.xcdatamodeld in Sources */,
				18C2850920F07D71008DF2FD /* ViewController.swift in Sources */,
				18C2850720F07D71008DF2FD /* AppDelegate.swift in Sources */,
			);
			runOnlyForDeploymentPostprocessing = 0;
		};
/* End PBXSourcesBuildPhase section */

/* Begin PBXVariantGroup section */
		18C2850A20F07D71008DF2FD /* Main.storyboard */ = {
			isa = PBXVariantGroup;
			children = (
				18C2850B20F07D71008DF2FD /* Base */,
			);
			name = Main.storyboard;
			sourceTree = "<group>";
		};
		18C2851220F07D74008DF2FD /* LaunchScreen.storyboard */ = {
			isa = PBXVariantGroup;
			children = (
				18C2851320F07D74008DF2FD /* Base */,
			);
			name = LaunchScreen.storyboard;
			sourceTree = "<group>";
		};
/* End PBXVariantGroup section */

/* Begin XCBuildConfiguration section */
		18C2851620F07D74008DF2FD /* Debug */ = {
			isa = XCBuildConfiguration;
			buildSettings = {
				ALWAYS_SEARCH_USER_PATHS = NO;
				CLANG_ANALYZER_NONNULL = YES;
				CLANG_ANALYZER_NUMBER_OBJECT_CONVERSION = YES_AGGRESSIVE;
				CLANG_CXX_LANGUAGE_STANDARD = "gnu++14";
				CLANG_CXX_LIBRARY = "libc++";
				CLANG_ENABLE_MODULES = YES;
				CLANG_ENABLE_OBJC_ARC = YES;
				CLANG_ENABLE_OBJC_WEAK = YES;
				CLANG_WARN_BLOCK_CAPTURE_AUTORELEASING = YES;
				CLANG_WARN_BOOL_CONVERSION = YES;
				CLANG_WARN_COMMA = YES;
				CLANG_WARN_CONSTANT_CONVERSION = YES;
				CLANG_WARN_DEPRECATED_OBJC_IMPLEMENTATIONS = YES;
				CLANG_WARN_DIRECT_OBJC_ISA_USAGE = YES_ERROR;
				CLANG_WARN_DOCUMENTATION_COMMENTS = YES;
				CLANG_WARN_EMPTY_BODY = YES;
				CLANG_WARN_ENUM_CONVERSION = YES;
				CLANG_WARN_INFINITE_RECURSION = YES;
				CLANG_WARN_INT_CONVERSION = YES;
				CLANG_WARN_NON_LITERAL_NULL_CONVERSION = YES;
				CLANG_WARN_OBJC_IMPLICIT_RETAIN_SELF = YES;
				CLANG_WARN_OBJC_LITERAL_CONVERSION = YES;
				CLANG_WARN_OBJC_ROOT_CLASS = YES_ERROR;
				CLANG_WARN_RANGE_LOOP_ANALYSIS = YES;
				CLANG_WARN_STRICT_PROTOTYPES = YES;
				CLANG_WARN_SUSPICIOUS_MOVE = YES;
				CLANG_WARN_UNGUARDED_AVAILABILITY = YES_AGGRESSIVE;
				CLANG_WARN_UNREACHABLE_CODE = YES;
				CLANG_WARN__DUPLICATE_METHOD_MATCH = YES;
				CODE_SIGN_IDENTITY = "iPhone Developer";
				COPY_PHASE_STRIP = NO;
				DEBUG_INFORMATION_FORMAT = dwarf;
				ENABLE_STRICT_OBJC_MSGSEND = YES;
				ENABLE_TESTABILITY = YES;
				GCC_C_LANGUAGE_STANDARD = gnu11;
				GCC_DYNAMIC_NO_PIC = NO;
				GCC_NO_COMMON_BLOCKS = YES;
				GCC_OPTIMIZATION_LEVEL = 0;
				GCC_PREPROCESSOR_DEFINITIONS = (
					"DEBUG=1",
					"$(inherited)",
				);
				GCC_WARN_64_TO_32_BIT_CONVERSION = YES;
				GCC_WARN_ABOUT_RETURN_TYPE = YES_ERROR;
				GCC_WARN_UNDECLARED_SELECTOR = YES;
				GCC_WARN_UNINITIALIZED_AUTOS = YES_AGGRESSIVE;
				GCC_WARN_UNUSED_FUNCTION = YES;
				GCC_WARN_UNUSED_VARIABLE = YES;
				IPHONEOS_DEPLOYMENT_TARGET = 11.4;
				MTL_ENABLE_DEBUG_INFO = YES;
				ONLY_ACTIVE_ARCH = YES;
				SDKROOT = iphoneos;
				SWIFT_ACTIVE_COMPILATION_CONDITIONS = DEBUG;
				SWIFT_OPTIMIZATION_LEVEL = "-Onone";
			};
			name = Debug;
		};
		18C2851720F07D74008DF2FD /* Release */ = {
			isa = XCBuildConfiguration;
			buildSettings = {
				ALWAYS_SEARCH_USER_PATHS = NO;
				CLANG_ANALYZER_NONNULL = YES;
				CLANG_ANALYZER_NUMBER_OBJECT_CONVERSION = YES_AGGRESSIVE;
				CLANG_CXX_LANGUAGE_STANDARD = "gnu++14";
				CLANG_CXX_LIBRARY = "libc++";
				CLANG_ENABLE_MODULES = YES;
				CLANG_ENABLE_OBJC_ARC = YES;
				CLANG_ENABLE_OBJC_WEAK = YES;
				CLANG_WARN_BLOCK_CAPTURE_AUTORELEASING = YES;
				CLANG_WARN_BOOL_CONVERSION = YES;
				CLANG_WARN_COMMA = YES;
				CLANG_WARN_CONSTANT_CONVERSION = YES;
				CLANG_WARN_DEPRECATED_OBJC_IMPLEMENTATIONS = YES;
				CLANG_WARN_DIRECT_OBJC_ISA_USAGE = YES_ERROR;
				CLANG_WARN_DOCUMENTATION_COMMENTS = YES;
				CLANG_WARN_EMPTY_BODY = YES;
				CLANG_WARN_ENUM_CONVERSION = YES;
				CLANG_WARN_INFINITE_RECURSION = YES;
				CLANG_WARN_INT_CONVERSION = YES;
				CLANG_WARN_NON_LITERAL_NULL_CONVERSION = YES;
				CLANG_WARN_OBJC_IMPLICIT_RETAIN_SELF = YES;
				CLANG_WARN_OBJC_LITERAL_CONVERSION = YES;
				CLANG_WARN_OBJC_ROOT_CLASS = YES_ERROR;
				CLANG_WARN_RANGE_LOOP_ANALYSIS = YES;
				CLANG_WARN_STRICT_PROTOTYPES = YES;
				CLANG_WARN_SUSPICIOUS_MOVE = YES;
				CLANG_WARN_UNGUARDED_AVAILABILITY = YES_AGGRESSIVE;
				CLANG_WARN_UNREACHABLE_CODE = YES;
				CLANG_WARN__DUPLICATE_METHOD_MATCH = YES;
				CODE_SIGN_IDENTITY = "iPhone Developer";
				COPY_PHASE_STRIP = NO;
				DEBUG_INFORMATION_FORMAT = "dwarf-with-dsym";
				ENABLE_NS_ASSERTIONS = NO;
				ENABLE_STRICT_OBJC_MSGSEND = YES;
				GCC_C_LANGUAGE_STANDARD = gnu11;
				GCC_NO_COMMON_BLOCKS = YES;
				GCC_WARN_64_TO_32_BIT_CONVERSION = YES;
				GCC_WARN_ABOUT_RETURN_TYPE = YES_ERROR;
				GCC_WARN_UNDECLARED_SELECTOR = YES;
				GCC_WARN_UNINITIALIZED_AUTOS = YES_AGGRESSIVE;
				GCC_WARN_UNUSED_FUNCTION = YES;
				GCC_WARN_UNUSED_VARIABLE = YES;
				IPHONEOS_DEPLOYMENT_TARGET = 11.4;
				MTL_ENABLE_DEBUG_INFO = NO;
				SDKROOT = iphoneos;
				SWIFT_COMPILATION_MODE = wholemodule;
				SWIFT_OPTIMIZATION_LEVEL = "-O";
				VALIDATE_PRODUCT = YES;
			};
			name = Release;
		};
		18C2851920F07D74008DF2FD /* Debug */ = {
			isa = XCBuildConfiguration;
			buildSettings = {
				ASSETCATALOG_COMPILER_APPICON_NAME = AppIcon;
				CODE_SIGN_STYLE = Automatic;
				DEVELOPMENT_TEAM = UUREU9E4TX;
				INFOPLIST_FILE = VoxRemainder/Info.plist;
				LD_RUNPATH_SEARCH_PATHS = (
					"$(inherited)",
					"@executable_path/Frameworks",
				);
				PRODUCT_BUNDLE_IDENTIFIER = com.senovTech.VoxRemainder;
				PRODUCT_NAME = "$(TARGET_NAME)";
				SWIFT_VERSION = 4.0;
				TARGETED_DEVICE_FAMILY = "1,2";
			};
			name = Debug;
		};
		18C2851A20F07D74008DF2FD /* Release */ = {
			isa = XCBuildConfiguration;
			buildSettings = {
				ASSETCATALOG_COMPILER_APPICON_NAME = AppIcon;
				CODE_SIGN_STYLE = Automatic;
				DEVELOPMENT_TEAM = UUREU9E4TX;
				INFOPLIST_FILE = VoxRemainder/Info.plist;
				LD_RUNPATH_SEARCH_PATHS = (
					"$(inherited)",
					"@executable_path/Frameworks",
				);
				PRODUCT_BUNDLE_IDENTIFIER = com.senovTech.VoxRemainder;
				PRODUCT_NAME = "$(TARGET_NAME)";
				SWIFT_VERSION = 4.0;
				TARGETED_DEVICE_FAMILY = "1,2";
			};
			name = Release;
		};
/* End XCBuildConfiguration section */

/* Begin XCConfigurationList section */
		18C284FE20F07D71008DF2FD /* Build configuration list for PBXProject "VoxRemainder" */ = {
			isa = XCConfigurationList;
			buildConfigurations = (
				18C2851620F07D74008DF2FD /* Debug */,
				18C2851720F07D74008DF2FD /* Release */,
			);
			defaultConfigurationIsVisible = 0;
			defaultConfigurationName = Release;
		};
		18C2851820F07D74008DF2FD /* Build configuration list for PBXNativeTarget "VoxRemainder" */ = {
			isa = XCConfigurationList;
			buildConfigurations = (
				18C2851920F07D74008DF2FD /* Debug */,
				18C2851A20F07D74008DF2FD /* Release */,
			);
			defaultConfigurationIsVisible = 0;
			defaultConfigurationName = Release;
		};
/* End XCConfigurationList section */

/* Begin XCVersionGroup section */
		18C2850D20F07D71008DF2FD /* VoxRemainder.xcdatamodeld */ = {
			isa = XCVersionGroup;
			children = (
				18C2850E20F07D71008DF2FD /* VoxRemainder.xcdatamodel */,
			);
			currentVersion = 18C2850E20F07D71008DF2FD /* VoxRemainder.xcdatamodel */;
			path = VoxRemainder.xcdatamodeld;
			sourceTree = "<group>";
			versionGroupType = wrapper.xcdatamodel;
		};
/* End XCVersionGroup section */
	};
	rootObject = 18C284FB20F07D71008DF2FD /* Project object */;
}
